{
  "nodes": {
    "nixpkgs": {
      "locked": {
        "lastModified": 1620871477,
        "narHash": "sha256-8k9Yb/53HNjHP4poIxD1A0d5Uhv9Ob0YHf991J+iL5c=",
        "owner": "NixOS",
        "repo": "nixpkgs",
        "rev": "9c0ca46a6d23883d883fedb9bfd51f286b0a0789",
        "type": "github"
      },
      "original": {
        "owner": "NixOS",
        "repo": "nixpkgs",
        "type": "github"
      }
    },
    "root": {
      "inputs": {
        "nixpkgs": "nixpkgs",
        "utils": "utils"
      }
    },
    "utils": {
      "locked": {
        "lastModified": 1620759905,
        "narHash": "sha256-WiyWawrgmyN0EdmiHyG2V+fqReiVi8bM9cRdMaKQOFg=",
        "owner": "numtide",
        "repo": "flake-utils",
        "rev": "b543720b25df6ffdfcf9227afafc5b8c1fabfae8",
        "type": "github"
      },
      "original": {
        "owner": "numtide",
        "repo": "flake-utils",
        "type": "github"
      }
    }
  },
  "root": "root",
  "version": 7
}
