{
  "nodes": {
    "nixpkgs": {
      "locked": {
        "lastModified": 1623717625,
        "narHash": "sha256-39dpa0MwHkSTwxh2RWQ/k2aM8DvasIVMqNB2a851SDE=",
        "owner": "NixOS",
        "repo": "nixpkgs",
        "rev": "39adc3ab9e7f172f75c5776580380957a6dcbe44",
        "type": "github"
      },
      "original": {
        "owner": "NixOS",
        "repo": "nixpkgs",
        "type": "github"
      }
    },
    "root": {
      "inputs": {
        "nixpkgs": "nixpkgs",
        "utils": "utils"
      }
    },
    "utils": {
      "locked": {
        "lastModified": 1623660459,
        "narHash": "sha256-OTmOsh43po7r5F9s9H6lVCBQ2b0FikWbmiwLbMAGRdw=",
        "owner": "numtide",
        "repo": "flake-utils",
        "rev": "98c8d36b1828009b20f12544214683c7489935a1",
        "type": "github"
      },
      "original": {
        "owner": "numtide",
        "repo": "flake-utils",
        "type": "github"
      }
    }
  },
  "root": "root",
  "version": 7
}
